// !$*UTF8*$!
{
	archiveVersion = 1;
	classes = {
	};
	objectVersion = 48;
	objects = {

/* Begin PBXBuildFile section */
		41C6F94D205E4B43003B570F /* AppDelegate.m in Sources */ = {isa = PBXBuildFile; fileRef = 41C6F94C205E4B43003B570F /* AppDelegate.m */; };
		41C6F950205E4B43003B570F /* ViewController.m in Sources */ = {isa = PBXBuildFile; fileRef = 41C6F94F205E4B43003B570F /* ViewController.m */; };
		41C6F953205E4B43003B570F /* Main.storyboard in Resources */ = {isa = PBXBuildFile; fileRef = 41C6F951205E4B43003B570F /* Main.storyboard */; };
		41C6F955205E4B43003B570F /* Assets.xcassets in Resources */ = {isa = PBXBuildFile; fileRef = 41C6F954205E4B43003B570F /* Assets.xcassets */; };
		41C6F958205E4B43003B570F /* LaunchScreen.storyboard in Resources */ = {isa = PBXBuildFile; fileRef = 41C6F956205E4B43003B570F /* LaunchScreen.storyboard */; };
		41C6F95B205E4B43003B570F /* main.m in Sources */ = {isa = PBXBuildFile; fileRef = 41C6F95A205E4B43003B570F /* main.m */; };
		41C6F963205E5097003B570F /* Person.m in Sources */ = {isa = PBXBuildFile; fileRef = 41C6F962205E5097003B570F /* Person.m */; };
		41C6F969205EBA01003B570F /* Monkey.m in Sources */ = {isa = PBXBuildFile; fileRef = 41C6F968205EBA01003B570F /* Monkey.m */; };
/* End PBXBuildFile section */

/* Begin PBXFileReference section */
		41C6F948205E4B43003B570F /* MessageForwarding.app */ = {isa = PBXFileReference; explicitFileType = wrapper.application; includeInIndex = 0; path = MessageForwarding.app; sourceTree = BUILT_PRODUCTS_DIR; };
		41C6F94B205E4B43003B570F /* AppDelegate.h */ = {isa = PBXFileReference; lastKnownFileType = sourcecode.c.h; path = AppDelegate.h; sourceTree = "<group>"; };
		41C6F94C205E4B43003B570F /* AppDelegate.m */ = {isa = PBXFileReference; lastKnownFileType = sourcecode.c.objc; path = AppDelegate.m; sourceTree = "<group>"; };
		41C6F94E205E4B43003B570F /* ViewController.h */ = {isa = PBXFileReference; lastKnownFileType = sourcecode.c.h; path = ViewController.h; sourceTree = "<group>"; };
		41C6F94F205E4B43003B570F /* ViewController.m */ = {isa = PBXFileReference; lastKnownFileType = sourcecode.c.objc; path = ViewController.m; sourceTree = "<group>"; };
		41C6F952205E4B43003B570F /* Base */ = {isa = PBXFileReference; lastKnownFileType = file.storyboard; name = Base; path = Base.lproj/Main.storyboard; sourceTree = "<group>"; };
		41C6F954205E4B43003B570F /* Assets.xcassets */ = {isa = PBXFileReference; lastKnownFileType = folder.assetcatalog; path = Assets.xcassets; sourceTree = "<group>"; };
		41C6F957205E4B43003B570F /* Base */ = {isa = PBXFileReference; lastKnownFileType = file.storyboard; name = Base; path = Base.lproj/LaunchScreen.storyboard; sourceTree = "<group>"; };
		41C6F959205E4B43003B570F /* Info.plist */ = {isa = PBXFileReference; lastKnownFileType = text.plist.xml; path = Info.plist; sourceTree = "<group>"; };
		41C6F95A205E4B43003B570F /* main.m */ = {isa = PBXFileReference; lastKnownFileType = sourcecode.c.objc; path = main.m; sourceTree = "<group>"; };
		41C6F961205E5097003B570F /* Person.h */ = {isa = PBXFileReference; lastKnownFileType = sourcecode.c.h; path = Person.h; sourceTree = "<group>"; };
		41C6F962205E5097003B570F /* Person.m */ = {isa = PBXFileReference; lastKnownFileType = sourcecode.c.objc; path = Person.m; sourceTree = "<group>"; };
		41C6F967205EBA01003B570F /* Monkey.h */ = {isa = PBXFileReference; lastKnownFileType = sourcecode.c.h; path = Monkey.h; sourceTree = "<group>"; };
		41C6F968205EBA01003B570F /* Monkey.m */ = {isa = PBXFileReference; lastKnownFileType = sourcecode.c.objc; path = Monkey.m; sourceTree = "<group>"; };
/* End PBXFileReference section */

/* Begin PBXFrameworksBuildPhase section */
		41C6F945205E4B43003B570F /* Frameworks */ = {
			isa = PBXFrameworksBuildPhase;
			buildActionMask = 2147483647;
			files = (
			);
			runOnlyForDeploymentPostprocessing = 0;
		};
/* End PBXFrameworksBuildPhase section */

/* Begin PBXGroup section */
		41C6F93F205E4B43003B570F = {
			isa = PBXGroup;
			children = (
				41C6F94A205E4B43003B570F /* MessageForwarding */,
				41C6F949205E4B43003B570F /* Products */,
			);
			sourceTree = "<group>";
		};
		41C6F949205E4B43003B570F /* Products */ = {
			isa = PBXGroup;
			children = (
				41C6F948205E4B43003B570F /* MessageForwarding.app */,
			);
			name = Products;
			sourceTree = "<group>";
		};
		41C6F94A205E4B43003B570F /* MessageForwarding */ = {
			isa = PBXGroup;
			children = (
				41C6F94B205E4B43003B570F /* AppDelegate.h */,
				41C6F94C205E4B43003B570F /* AppDelegate.m */,
				41C6F94E205E4B43003B570F /* ViewController.h */,
				41C6F94F205E4B43003B570F /* ViewController.m */,
				41C6F951205E4B43003B570F /* Main.storyboard */,
				41C6F954205E4B43003B570F /* Assets.xcassets */,
				41C6F956205E4B43003B570F /* LaunchScreen.storyboard */,
				41C6F959205E4B43003B570F /* Info.plist */,
				41C6F95A205E4B43003B570F /* main.m */,
				41C6F961205E5097003B570F /* Person.h */,
				41C6F962205E5097003B570F /* Person.m */,
				41C6F967205EBA01003B570F /* Monkey.h */,
				41C6F968205EBA01003B570F /* Monkey.m */,
			);
			path = MessageForwarding;
			sourceTree = "<group>";
		};
/* End PBXGroup section */

/* Begin PBXNativeTarget section */
		41C6F947205E4B43003B570F /* MessageForwarding */ = {
			isa = PBXNativeTarget;
			buildConfigurationList = 41C6F95E205E4B43003B570F /* Build configuration list for PBXNativeTarget "MessageForwarding" */;
			buildPhases = (
				41C6F944205E4B43003B570F /* Sources */,
				41C6F945205E4B43003B570F /* Frameworks */,
				41C6F946205E4B43003B570F /* Resources */,
			);
			buildRules = (
			);
			dependencies = (
			);
			name = MessageForwarding;
			productName = MessageForwarding;
			productReference = 41C6F948205E4B43003B570F /* MessageForwarding.app */;
			productType = "com.apple.product-type.application";
		};
/* End PBXNativeTarget section */

/* Begin PBXProject section */
		41C6F940205E4B43003B570F /* Project object */ = {
			isa = PBXProject;
			attributes = {
				LastUpgradeCheck = 0920;
				ORGANIZATIONNAME = yoyo;
				TargetAttributes = {
					41C6F947205E4B43003B570F = {
						CreatedOnToolsVersion = 9.2;
						ProvisioningStyle = Automatic;
					};
				};
			};
			buildConfigurationList = 41C6F943205E4B43003B570F /* Build configuration list for PBXProject "MessageForwarding" */;
			compatibilityVersion = "Xcode 8.0";
			developmentRegion = en;
			hasScannedForEncodings = 0;
			knownRegions = (
				en,
				Base,
			);
			mainGroup = 41C6F93F205E4B43003B570F;
			productRefGroup = 41C6F949205E4B43003B570F /* Products */;
			projectDirPath = "";
			projectRoot = "";
			targets = (
				41C6F947205E4B43003B570F /* MessageForwarding */,
			);
		};
/* End PBXProject section */

/* Begin PBXResourcesBuildPhase section */
		41C6F946205E4B43003B570F /* Resources */ = {
			isa = PBXResourcesBuildPhase;
			buildActionMask = 2147483647;
			files = (
				41C6F958205E4B43003B570F /* LaunchScreen.storyboard in Resources */,
				41C6F955205E4B43003B570F /* Assets.xcassets in Resources */,
				41C6F953205E4B43003B570F /* Main.storyboard in Resources */,
			);
			runOnlyForDeploymentPostprocessing = 0;
		};
/* End PBXResourcesBuildPhase section */

/* Begin PBXSourcesBuildPhase section */
		41C6F944205E4B43003B570F /* Sources */ = {
			isa = PBXSourcesBuildPhase;
			buildActionMask = 2147483647;
			files = (
				41C6F969205EBA01003B570F /* Monkey.m in Sources */,
				41C6F950205E4B43003B570F /* ViewController.m in Sources */,
				41C6F95B205E4B43003B570F /* main.m in Sources */,
				41C6F963205E5097003B570F /* Person.m in Sources */,
				41C6F94D205E4B43003B570F /* AppDelegate.m in Sources */,
			);
			runOnlyForDeploymentPostprocessing = 0;
		};
/* End PBXSourcesBuildPhase section */

/* Begin PBXVariantGroup section */
		41C6F951205E4B43003B570F /* Main.storyboard */ = {
			isa = PBXVariantGroup;
			children = (
				41C6F952205E4B43003B570F /* Base */,
			);
			name = Main.storyboard;
			sourceTree = "<group>";
		};
		41C6F956205E4B43003B570F /* LaunchScreen.storyboard */ = {
			isa = PBXVariantGroup;
			children = (
				41C6F957205E4B43003B570F /* Base */,
			);
			name = LaunchScreen.storyboard;
			sourceTree = "<group>";
		};
/* End PBXVariantGroup section */

/* Begin XCBuildConfiguration section */
		41C6F95C205E4B43003B570F /* Debug */ = {
			isa = XCBuildConfiguration;
			buildSettings = {
				ALWAYS_SEARCH_USER_PATHS = NO;
				CLANG_ANALYZER_NONNULL = YES;
				CLANG_ANALYZER_NUMBER_OBJECT_CONVERSION = YES_AGGRESSIVE;
				CLANG_CXX_LANGUAGE_STANDARD = "gnu++14";
				CLANG_CXX_LIBRARY = "libc++";
				CLANG_ENABLE_MODULES = YES;
				CLANG_ENABLE_OBJC_ARC = YES;
				CLANG_WARN_BLOCK_CAPTURE_AUTORELEASING = YES;
				CLANG_WARN_BOOL_CONVERSION = YES;
				CLANG_WARN_COMMA = YES;
				CLANG_WARN_CONSTANT_CONVERSION = YES;
				CLANG_WARN_DIRECT_OBJC_ISA_USAGE = YES_ERROR;
				CLANG_WARN_DOCUMENTATION_COMMENTS = YES;
				CLANG_WARN_EMPTY_BODY = YES;
				CLANG_WARN_ENUM_CONVERSION = YES;
				CLANG_WARN_INFINITE_RECURSION = YES;
				CLANG_WARN_INT_CONVERSION = YES;
				CLANG_WARN_NON_LITERAL_NULL_CONVERSION = YES;
				CLANG_WARN_OBJC_LITERAL_CONVERSION = YES;
				CLANG_WARN_OBJC_ROOT_CLASS = YES_ERROR;
				CLANG_WARN_RANGE_LOOP_ANALYSIS = YES;
				CLANG_WARN_STRICT_PROTOTYPES = YES;
				CLANG_WARN_SUSPICIOUS_MOVE = YES;
				CLANG_WARN_UNGUARDED_AVAILABILITY = YES_AGGRESSIVE;
				CLANG_WARN_UNREACHABLE_CODE = YES;
				CLANG_WARN__DUPLICATE_METHOD_MATCH = YES;
				CODE_SIGN_IDENTITY = "iPhone Developer";
				COPY_PHASE_STRIP = NO;
				DEBUG_INFORMATION_FORMAT = dwarf;
				ENABLE_STRICT_OBJC_MSGSEND = YES;
				ENABLE_TESTABILITY = YES;
				GCC_C_LANGUAGE_STANDARD = gnu11;
				GCC_DYNAMIC_NO_PIC = NO;
				GCC_NO_COMMON_BLOCKS = YES;
				GCC_OPTIMIZATION_LEVEL = 0;
				GCC_PREPROCESSOR_DEFINITIONS = (
					"DEBUG=1",
					"$(inherited)",
				);
				GCC_WARN_64_TO_32_BIT_CONVERSION = YES;
				GCC_WARN_ABOUT_RETURN_TYPE = YES_ERROR;
				GCC_WARN_UNDECLARED_SELECTOR = YES;
				GCC_WARN_UNINITIALIZED_AUTOS = YES_AGGRESSIVE;
				GCC_WARN_UNUSED_FUNCTION = YES;
				GCC_WARN_UNUSED_VARIABLE = YES;
				IPHONEOS_DEPLOYMENT_TARGET = 11.2;
				MTL_ENABLE_DEBUG_INFO = YES;
				ONLY_ACTIVE_ARCH = YES;
				SDKROOT = iphoneos;
			};
			name = Debug;
		};
		41C6F95D205E4B43003B570F /* Release */ = {
			isa = XCBuildConfiguration;
			buildSettings = {
				ALWAYS_SEARCH_USER_PATHS = NO;
				CLANG_ANALYZER_NONNULL = YES;
				CLANG_ANALYZER_NUMBER_OBJECT_CONVERSION = YES_AGGRESSIVE;
				CLANG_CXX_LANGUAGE_STANDARD = "gnu++14";
				CLANG_CXX_LIBRARY = "libc++";
				CLANG_ENABLE_MODULES = YES;
				CLANG_ENABLE_OBJC_ARC = YES;
				CLANG_WARN_BLOCK_CAPTURE_AUTORELEASING = YES;
				CLANG_WARN_BOOL_CONVERSION = YES;
				CLANG_WARN_COMMA = YES;
				CLANG_WARN_CONSTANT_CONVERSION = YES;
				CLANG_WARN_DIRECT_OBJC_ISA_USAGE = YES_ERROR;
				CLANG_WARN_DOCUMENTATION_COMMENTS = YES;
				CLANG_WARN_EMPTY_BODY = YES;
				CLANG_WARN_ENUM_CONVERSION = YES;
				CLANG_WARN_INFINITE_RECURSION = YES;
				CLANG_WARN_INT_CONVERSION = YES;
				CLANG_WARN_NON_LITERAL_NULL_CONVERSION = YES;
				CLANG_WARN_OBJC_LITERAL_CONVERSION = YES;
				CLANG_WARN_OBJC_ROOT_CLASS = YES_ERROR;
				CLANG_WARN_RANGE_LOOP_ANALYSIS = YES;
				CLANG_WARN_STRICT_PROTOTYPES = YES;
				CLANG_WARN_SUSPICIOUS_MOVE = YES;
				CLANG_WARN_UNGUARDED_AVAILABILITY = YES_AGGRESSIVE;
				CLANG_WARN_UNREACHABLE_CODE = YES;
				CLANG_WARN__DUPLICATE_METHOD_MATCH = YES;
				CODE_SIGN_IDENTITY = "iPhone Developer";
				COPY_PHASE_STRIP = NO;
				DEBUG_INFORMATION_FORMAT = "dwarf-with-dsym";
				ENABLE_NS_ASSERTIONS = NO;
				ENABLE_STRICT_OBJC_MSGSEND = YES;
				GCC_C_LANGUAGE_STANDARD = gnu11;
				GCC_NO_COMMON_BLOCKS = YES;
				GCC_WARN_64_TO_32_BIT_CONVERSION = YES;
				GCC_WARN_ABOUT_RETURN_TYPE = YES_ERROR;
				GCC_WARN_UNDECLARED_SELECTOR = YES;
				GCC_WARN_UNINITIALIZED_AUTOS = YES_AGGRESSIVE;
				GCC_WARN_UNUSED_FUNCTION = YES;
				GCC_WARN_UNUSED_VARIABLE = YES;
				IPHONEOS_DEPLOYMENT_TARGET = 11.2;
				MTL_ENABLE_DEBUG_INFO = NO;
				SDKROOT = iphoneos;
				VALIDATE_PRODUCT = YES;
			};
			name = Release;
		};
		41C6F95F205E4B43003B570F /* Debug */ = {
			isa = XCBuildConfiguration;
			buildSettings = {
				ASSETCATALOG_COMPILER_APPICON_NAME = AppIcon;
				CLANG_ENABLE_OBJC_ARC = NO;
				CODE_SIGN_STYLE = Automatic;
				DEVELOPMENT_TEAM = FJV2B9GPDW;
				INFOPLIST_FILE = MessageForwarding/Info.plist;
				LD_RUNPATH_SEARCH_PATHS = "$(inherited) @executable_path/Frameworks";
				PRODUCT_BUNDLE_IDENTIFIER = com.yoyo.MessageForwarding;
				PRODUCT_NAME = "$(TARGET_NAME)";
				TARGETED_DEVICE_FAMILY = "1,2";
			};
			name = Debug;
		};
		41C6F960205E4B43003B570F /* Release */ = {
			isa = XCBuildConfiguration;
			buildSettings = {
				ASSETCATALOG_COMPILER_APPICON_NAME = AppIcon;
				CLANG_ENABLE_OBJC_ARC = NO;
				CODE_SIGN_STYLE = Automatic;
				DEVELOPMENT_TEAM = FJV2B9GPDW;
				INFOPLIST_FILE = MessageForwarding/Info.plist;
				LD_RUNPATH_SEARCH_PATHS = "$(inherited) @executable_path/Frameworks";
				PRODUCT_BUNDLE_IDENTIFIER = com.yoyo.MessageForwarding;
				PRODUCT_NAME = "$(TARGET_NAME)";
				TARGETED_DEVICE_FAMILY = "1,2";
			};
			name = Release;
		};
/* End XCBuildConfiguration section */

/* Begin XCConfigurationList section */
		41C6F943205E4B43003B570F /* Build configuration list for PBXProject "MessageForwarding" */ = {
			isa = XCConfigurationList;
			buildConfigurations = (
				41C6F95C205E4B43003B570F /* Debug */,
				41C6F95D205E4B43003B570F /* Release */,
			);
			defaultConfigurationIsVisible = 0;
			defaultConfigurationName = Release;
		};
		41C6F95E205E4B43003B570F /* Build configuration list for PBXNativeTarget "MessageForwarding" */ = {
			isa = XCConfigurationList;
			buildConfigurations = (
				41C6F95F205E4B43003B570F /* Debug */,
				41C6F960205E4B43003B570F /* Release */,
			);
			defaultConfigurationIsVisible = 0;
			defaultConfigurationName = Release;
		};
/* End XCConfigurationList section */
	};
	rootObject = 41C6F940205E4B43003B570F /* Project object */;
}
